// !$*UTF8*$!
{
	archiveVersion = 1;
	classes = {
	};
	objectVersion = 46;
	objects = {

/* Begin PBXBuildFile section */
		BADEA02546097BE31B20CA8B /* StatText.swift in Sources */ = {isa = PBXBuildFile; fileRef = BADEADB9DB7ECD17FD06EDCF /* StatText.swift */; };
		BADEA03F8ED03E07A8FA435F /* Assets.xcassets in Resources */ = {isa = PBXBuildFile; fileRef = BADEAB9B3297DDACA7D65C62 /* Assets.xcassets */; };
		BADEA26650AF012613715F5E /* PlayerRow.swift in Sources */ = {isa = PBXBuildFile; fileRef = BADEA0F647E403C748F99753 /* PlayerRow.swift */; };
		BADEA4DB1EDB999AA7E5BB71 /* LaunchScreen.storyboard in Resources */ = {isa = PBXBuildFile; fileRef = BADEA01D2C27D4AFD9632A76 /* LaunchScreen.storyboard */; };
		BADEA6BE93D3E88BBEA41BE0 /* Preview Assets.xcassets in Resources */ = {isa = PBXBuildFile; fileRef = BADEAEDD49B32E26D449FA58 /* Preview Assets.xcassets */; };
		BADEA8E73B23BF409D14E074 /* SceneDelegate.swift in Sources */ = {isa = PBXBuildFile; fileRef = BADEAAEC7D33255E1AADB01B /* SceneDelegate.swift */; };
		BADEAA7BF3635DA52D2A1FA1 /* AppDelegate.swift in Sources */ = {isa = PBXBuildFile; fileRef = BADEA2E8A51AF3FCA1363372 /* AppDelegate.swift */; };
		BADEACC06C04F2538E0DC6CF /* PlayerList.swift in Sources */ = {isa = PBXBuildFile; fileRef = BADEA54F6BF269E67AA2B898 /* PlayerList.swift */; };
		BADEAE941D048AC19A723676 /* PlayerDetail.swift in Sources */ = {isa = PBXBuildFile; fileRef = BADEA306E5329608BB82FF97 /* PlayerDetail.swift */; };
		FEE9B2C323D48F3100F10921 /* Player.swift in Sources */ = {isa = PBXBuildFile; fileRef = FEE9B2C223D48F3100F10921 /* Player.swift */; };
/* End PBXBuildFile section */

/* Begin PBXFileReference section */
		BADEA0F647E403C748F99753 /* PlayerRow.swift */ = {isa = PBXFileReference; fileEncoding = 4; lastKnownFileType = sourcecode.swift; path = PlayerRow.swift; sourceTree = "<group>"; };
		BADEA1BF6BA981C711FDF555 /* NBA Players fun.app */ = {isa = PBXFileReference; explicitFileType = wrapper.application; includeInIndex = 0; path = "NBA Players fun.app"; sourceTree = BUILT_PRODUCTS_DIR; };
		BADEA1D85CA44DCFC84AF1D3 /* Info.plist */ = {isa = PBXFileReference; lastKnownFileType = text.plist.info; path = Info.plist; sourceTree = "<group>"; };
		BADEA2E8A51AF3FCA1363372 /* AppDelegate.swift */ = {isa = PBXFileReference; lastKnownFileType = sourcecode.swift; path = AppDelegate.swift; sourceTree = "<group>"; };
		BADEA306E5329608BB82FF97 /* PlayerDetail.swift */ = {isa = PBXFileReference; lastKnownFileType = sourcecode.swift; path = PlayerDetail.swift; sourceTree = "<group>"; };
		BADEA54F6BF269E67AA2B898 /* PlayerList.swift */ = {isa = PBXFileReference; fileEncoding = 4; lastKnownFileType = sourcecode.swift; path = PlayerList.swift; sourceTree = "<group>"; };
		BADEAAEC7D33255E1AADB01B /* SceneDelegate.swift */ = {isa = PBXFileReference; lastKnownFileType = sourcecode.swift; path = SceneDelegate.swift; sourceTree = "<group>"; };
		BADEAB9B3297DDACA7D65C62 /* Assets.xcassets */ = {isa = PBXFileReference; lastKnownFileType = folder.assetcatalog; path = Assets.xcassets; sourceTree = "<group>"; };
		BADEAC3DA9FFE8FB01B71499 /* Base */ = {isa = PBXFileReference; lastKnownFileType = file.storyboard; name = Base; path = Base.lproj/LaunchScreen.storyboard; sourceTree = "<group>"; };
		BADEADB9DB7ECD17FD06EDCF /* StatText.swift */ = {isa = PBXFileReference; fileEncoding = 4; lastKnownFileType = sourcecode.swift; path = StatText.swift; sourceTree = "<group>"; };
		BADEAEDD49B32E26D449FA58 /* Preview Assets.xcassets */ = {isa = PBXFileReference; lastKnownFileType = folder.assetcatalog; path = "Preview Assets.xcassets"; sourceTree = "<group>"; };
		FEE9B2C223D48F3100F10921 /* Player.swift */ = {isa = PBXFileReference; lastKnownFileType = sourcecode.swift; path = Player.swift; sourceTree = "<group>"; };
/* End PBXFileReference section */

/* Begin PBXFrameworksBuildPhase section */
		BADEAB618E7D5565998C4A81 /* Frameworks */ = {
			isa = PBXFrameworksBuildPhase;
			buildActionMask = 2147483647;
			files = (
			);
			runOnlyForDeploymentPostprocessing = 0;
		};
/* End PBXFrameworksBuildPhase section */

/* Begin PBXGroup section */
		BADEA5BC58385367210D1D54 /* Products */ = {
			isa = PBXGroup;
			children = (
				BADEA1BF6BA981C711FDF555 /* NBA Players fun.app */,
			);
			name = Products;
			sourceTree = "<group>";
		};
		BADEAE8AB674631DBC3317CE = {
			isa = PBXGroup;
			children = (
				BADEA5BC58385367210D1D54 /* Products */,
				BADEAEB8ADCDD74790D56C09 /* NBA Players fun */,
			);
			sourceTree = "<group>";
		};
		BADEAEB8ADCDD74790D56C09 /* NBA Players fun */ = {
			isa = PBXGroup;
			children = (
				FEE9B2C223D48F3100F10921 /* Player.swift */,
				BADEA1D85CA44DCFC84AF1D3 /* Info.plist */,
				BADEAB9B3297DDACA7D65C62 /* Assets.xcassets */,
				BADEA01D2C27D4AFD9632A76 /* LaunchScreen.storyboard */,
				BADEA2E8A51AF3FCA1363372 /* AppDelegate.swift */,
				BADEAAEC7D33255E1AADB01B /* SceneDelegate.swift */,
				BADEA306E5329608BB82FF97 /* PlayerDetail.swift */,
				BADEAFC08E3DA10A039A67A3 /* Preview Content */,
				BADEADB9DB7ECD17FD06EDCF /* StatText.swift */,
				BADEA0F647E403C748F99753 /* PlayerRow.swift */,
				BADEA54F6BF269E67AA2B898 /* PlayerList.swift */,
			);
			path = "NBA Players fun";
			sourceTree = "<group>";
		};
		BADEAFC08E3DA10A039A67A3 /* Preview Content */ = {
			isa = PBXGroup;
			children = (
				BADEAEDD49B32E26D449FA58 /* Preview Assets.xcassets */,
			);
			path = "Preview Content";
			sourceTree = "<group>";
		};
/* End PBXGroup section */

/* Begin PBXNativeTarget section */
		BADEAFE2DC02F156FBA2D4EB /* NBA Players fun */ = {
			isa = PBXNativeTarget;
			buildConfigurationList = BADEA71DBC8B635A2AA2B16F /* Build configuration list for PBXNativeTarget "NBA Players fun" */;
			buildPhases = (
				BADEA618B6FBD486B40E8E05 /* Sources */,
				BADEAB618E7D5565998C4A81 /* Frameworks */,
				BADEA8646A3BCB88EF4FBAB9 /* Resources */,
			);
			buildRules = (
			);
			dependencies = (
			);
			name = "NBA Players fun";
			productName = "NBA Players fun";
			productReference = BADEA1BF6BA981C711FDF555 /* NBA Players fun.app */;
			productType = "com.apple.product-type.application";
		};
/* End PBXNativeTarget section */

/* Begin PBXProject section */
		BADEA76E864E882760A119CD /* Project object */ = {
			isa = PBXProject;
			attributes = {
				ORGANIZATIONNAME = JakubJirak;
			};
			buildConfigurationList = BADEA6C880DFC54F679DB760 /* Build configuration list for PBXProject "NBA Players fun" */;
			compatibilityVersion = "Xcode 3.2";
			developmentRegion = English;
			hasScannedForEncodings = 0;
			knownRegions = (
				English,
				en,
				Base,
			);
			mainGroup = BADEAE8AB674631DBC3317CE;
			productRefGroup = BADEA5BC58385367210D1D54 /* Products */;
			projectDirPath = "";
			projectRoot = "";
			targets = (
				BADEAFE2DC02F156FBA2D4EB /* NBA Players fun */,
			);
		};
/* End PBXProject section */

/* Begin PBXResourcesBuildPhase section */
		BADEA8646A3BCB88EF4FBAB9 /* Resources */ = {
			isa = PBXResourcesBuildPhase;
			buildActionMask = 2147483647;
			files = (
				BADEA03F8ED03E07A8FA435F /* Assets.xcassets in Resources */,
				BADEA4DB1EDB999AA7E5BB71 /* LaunchScreen.storyboard in Resources */,
				BADEA6BE93D3E88BBEA41BE0 /* Preview Assets.xcassets in Resources */,
			);
			runOnlyForDeploymentPostprocessing = 0;
		};
/* End PBXResourcesBuildPhase section */

/* Begin PBXSourcesBuildPhase section */
		BADEA618B6FBD486B40E8E05 /* Sources */ = {
			isa = PBXSourcesBuildPhase;
			buildActionMask = 2147483647;
			files = (
				FEE9B2C323D48F3100F10921 /* Player.swift in Sources */,
				BADEAA7BF3635DA52D2A1FA1 /* AppDelegate.swift in Sources */,
				BADEA8E73B23BF409D14E074 /* SceneDelegate.swift in Sources */,
				BADEAE941D048AC19A723676 /* PlayerDetail.swift in Sources */,
				BADEA02546097BE31B20CA8B /* StatText.swift in Sources */,
				BADEA26650AF012613715F5E /* PlayerRow.swift in Sources */,
				BADEACC06C04F2538E0DC6CF /* PlayerList.swift in Sources */,
			);
			runOnlyForDeploymentPostprocessing = 0;
		};
/* End PBXSourcesBuildPhase section */

/* Begin PBXVariantGroup section */
		BADEA01D2C27D4AFD9632A76 /* LaunchScreen.storyboard */ = {
			isa = PBXVariantGroup;
			children = (
				BADEAC3DA9FFE8FB01B71499 /* Base */,
			);
			name = LaunchScreen.storyboard;
			sourceTree = "<group>";
		};
/* End PBXVariantGroup section */

/* Begin XCBuildConfiguration section */
		BADEA3A6D68A31DD2A3C325D /* Release */ = {
			isa = XCBuildConfiguration;
			buildSettings = {
				ASSETCATALOG_COMPILER_APPICON_NAME = AppIcon;
				DEVELOPMENT_ASSET_PATHS = "\"NBA Players fun/Preview Content\"";
				ENABLE_PREVIEWS = YES;
				INFOPLIST_FILE = "NBA Players fun/Info.plist";
				LD_RUNPATH_SEARCH_PATHS = "$(inherited) @executable_path/Frameworks";
				PRODUCT_BUNDLE_IDENTIFIER = "com.jakubjirak.NBA-Players-fun";
				PRODUCT_NAME = "$(TARGET_NAME)";
				SWIFT_VERSION = 5.0;
				TARGETED_DEVICE_FAMILY = "1,2";
			};
			name = Release;
		};
		BADEA82EC822C7C30731D513 /* Release */ = {
			isa = XCBuildConfiguration;
			buildSettings = {
				ALWAYS_SEARCH_USER_PATHS = NO;
				CLANG_ANALYZER_NONNULL = YES;
				CLANG_ANALYZER_NUMBER_OBJECT_CONVERSION = YES_AGGRESSIVE;
				CLANG_CXX_LANGUAGE_STANDARD = "gnu++14";
				CLANG_CXX_LIBRARY = "libc++";
				CLANG_ENABLE_MODULES = YES;
				CLANG_ENABLE_OBJC_ARC = YES;
				CLANG_ENABLE_OBJC_WEAK = YES;
				CLANG_WARN_BLOCK_CAPTURE_AUTORELEASING = YES;
				CLANG_WARN_BOOL_CONVERSION = YES;
				CLANG_WARN_COMMA = YES;
				CLANG_WARN_CONSTANT_CONVERSION = YES;
				CLANG_WARN_DEPRECATED_OBJC_IMPLEMENTATIONS = YES;
				CLANG_WARN_DIRECT_OBJC_ISA_USAGE = YES_ERROR;
				CLANG_WARN_DOCUMENTATION_COMMENTS = YES;
				CLANG_WARN_EMPTY_BODY = YES;
				CLANG_WARN_ENUM_CONVERSION = YES;
				CLANG_WARN_INFINITE_RECURSION = YES;
				CLANG_WARN_INT_CONVERSION = YES;
				CLANG_WARN_NON_LITERAL_NULL_CONVERSION = YES;
				CLANG_WARN_OBJC_IMPLICIT_RETAIN_SELF = YES;
				CLANG_WARN_OBJC_LITERAL_CONVERSION = YES;
				CLANG_WARN_OBJC_ROOT_CLASS = YES_ERROR;
				CLANG_WARN_RANGE_LOOP_ANALYSIS = YES;
				CLANG_WARN_STRICT_PROTOTYPES = YES;
				CLANG_WARN_SUSPICIOUS_MOVE = YES;
				CLANG_WARN_UNGUARDED_AVAILABILITY = YES_AGGRESSIVE;
				CLANG_WARN_UNREACHABLE_CODE = YES;
				CLANG_WARN__DUPLICATE_METHOD_MATCH = YES;
				COPY_PHASE_STRIP = NO;
				DEBUG_INFORMATION_FORMAT = "dwarf-with-dsym";
				ENABLE_NS_ASSERTIONS = NO;
				ENABLE_STRICT_OBJC_MSGSEND = YES;
				GCC_C_LANGUAGE_STANDARD = gnu11;
				GCC_NO_COMMON_BLOCKS = YES;
				GCC_WARN_64_TO_32_BIT_CONVERSION = YES;
				GCC_WARN_ABOUT_RETURN_TYPE = YES_ERROR;
				GCC_WARN_UNDECLARED_SELECTOR = YES;
				GCC_WARN_UNINITIALIZED_AUTOS = YES_AGGRESSIVE;
				GCC_WARN_UNUSED_FUNCTION = YES;
				GCC_WARN_UNUSED_VARIABLE = YES;
				IPHONEOS_DEPLOYMENT_TARGET = 13.2;
				MTL_ENABLE_DEBUG_INFO = NO;
				MTL_FAST_MATH = YES;
				SDKROOT = iphoneos;
				SWIFT_OPTIMIZATION_LEVEL = "-Owholemodule";
				VALIDATE_PRODUCT = YES;
			};
			name = Release;
		};
		BADEA908C93C7DA1C7EE2F95 /* Debug */ = {
			isa = XCBuildConfiguration;
			buildSettings = {
				ASSETCATALOG_COMPILER_APPICON_NAME = AppIcon;
				DEVELOPMENT_ASSET_PATHS = "\"NBA Players fun/Preview Content\"";
				ENABLE_PREVIEWS = YES;
				INFOPLIST_FILE = "NBA Players fun/Info.plist";
				LD_RUNPATH_SEARCH_PATHS = "$(inherited) @executable_path/Frameworks";
				PRODUCT_BUNDLE_IDENTIFIER = "com.jakubjirak.NBA-Players-fun";
				PRODUCT_NAME = "$(TARGET_NAME)";
				SWIFT_VERSION = 5.0;
				TARGETED_DEVICE_FAMILY = "1,2";
			};
			name = Debug;
		};
		BADEAA7EE0CC5552953AD0A0 /* Debug */ = {
			isa = XCBuildConfiguration;
			buildSettings = {
				ALWAYS_SEARCH_USER_PATHS = NO;
				CLANG_ANALYZER_NONNULL = YES;
				CLANG_ANALYZER_NUMBER_OBJECT_CONVERSION = YES_AGGRESSIVE;
				CLANG_CXX_LANGUAGE_STANDARD = "gnu++14";
				CLANG_CXX_LIBRARY = "libc++";
				CLANG_ENABLE_MODULES = YES;
				CLANG_ENABLE_OBJC_ARC = YES;
				CLANG_ENABLE_OBJC_WEAK = YES;
				CLANG_WARN_BLOCK_CAPTURE_AUTORELEASING = YES;
				CLANG_WARN_BOOL_CONVERSION = YES;
				CLANG_WARN_COMMA = YES;
				CLANG_WARN_CONSTANT_CONVERSION = YES;
				CLANG_WARN_DEPRECATED_OBJC_IMPLEMENTATIONS = YES;
				CLANG_WARN_DIRECT_OBJC_ISA_USAGE = YES_ERROR;
				CLANG_WARN_DOCUMENTATION_COMMENTS = YES;
				CLANG_WARN_EMPTY_BODY = YES;
				CLANG_WARN_ENUM_CONVERSION = YES;
				CLANG_WARN_INFINITE_RECURSION = YES;
				CLANG_WARN_INT_CONVERSION = YES;
				CLANG_WARN_NON_LITERAL_NULL_CONVERSION = YES;
				CLANG_WARN_OBJC_IMPLICIT_RETAIN_SELF = YES;
				CLANG_WARN_OBJC_LITERAL_CONVERSION = YES;
				CLANG_WARN_OBJC_ROOT_CLASS = YES_ERROR;
				CLANG_WARN_RANGE_LOOP_ANALYSIS = YES;
				CLANG_WARN_STRICT_PROTOTYPES = YES;
				CLANG_WARN_SUSPICIOUS_MOVE = YES;
				CLANG_WARN_UNGUARDED_AVAILABILITY = YES_AGGRESSIVE;
				CLANG_WARN_UNREACHABLE_CODE = YES;
				CLANG_WARN__DUPLICATE_METHOD_MATCH = YES;
				COPY_PHASE_STRIP = NO;
				DEBUG_INFORMATION_FORMAT = dwarf;
				ENABLE_STRICT_OBJC_MSGSEND = YES;
				ENABLE_TESTABILITY = YES;
				GCC_C_LANGUAGE_STANDARD = gnu11;
				GCC_DYNAMIC_NO_PIC = NO;
				GCC_NO_COMMON_BLOCKS = YES;
				GCC_OPTIMIZATION_LEVEL = 0;
				GCC_PREPROCESSOR_DEFINITIONS = (
					"DEBUG=1",
					"$(inherited)",
				);
				GCC_WARN_64_TO_32_BIT_CONVERSION = YES;
				GCC_WARN_ABOUT_RETURN_TYPE = YES_ERROR;
				GCC_WARN_UNDECLARED_SELECTOR = YES;
				GCC_WARN_UNINITIALIZED_AUTOS = YES_AGGRESSIVE;
				GCC_WARN_UNUSED_FUNCTION = YES;
				GCC_WARN_UNUSED_VARIABLE = YES;
				IPHONEOS_DEPLOYMENT_TARGET = 13.2;
				MTL_ENABLE_DEBUG_INFO = INCLUDE_SOURCE;
				MTL_FAST_MATH = YES;
				ONLY_ACTIVE_ARCH = YES;
				SDKROOT = iphoneos;
				SWIFT_ACTIVE_COMPILATION_CONDITIONS = DEBUG;
				SWIFT_OPTIMIZATION_LEVEL = "-Onone";
			};
			name = Debug;
		};
/* End XCBuildConfiguration section */

/* Begin XCConfigurationList section */
		BADEA6C880DFC54F679DB760 /* Build configuration list for PBXProject "NBA Players fun" */ = {
			isa = XCConfigurationList;
			buildConfigurations = (
				BADEAA7EE0CC5552953AD0A0 /* Debug */,
				BADEA82EC822C7C30731D513 /* Release */,
			);
			defaultConfigurationIsVisible = 0;
			defaultConfigurationName = Release;
		};
		BADEA71DBC8B635A2AA2B16F /* Build configuration list for PBXNativeTarget "NBA Players fun" */ = {
			isa = XCConfigurationList;
			buildConfigurations = (
				BADEA908C93C7DA1C7EE2F95 /* Debug */,
				BADEA3A6D68A31DD2A3C325D /* Release */,
			);
			defaultConfigurationIsVisible = 0;
			defaultConfigurationName = Release;
		};
/* End XCConfigurationList section */
	};
	rootObject = BADEA76E864E882760A119CD /* Project object */;
}
