// !$*UTF8*$!
{
	archiveVersion = 1;
	classes = {
	};
	objectVersion = 46;
	objects = {

/* Begin PBXBuildFile section */
		BADEA5DF14CBC91AA8581C75 /* ContentView.swift in Sources */ = {isa = PBXBuildFile; fileRef = BADEA6EFFAA2D53B39A5E27D /* ContentView.swift */; };
		BADEA7E04EA8F681CEB23CE7 /* LaunchScreen.storyboard in Resources */ = {isa = PBXBuildFile; fileRef = BADEA055606D120EF9D7E706 /* LaunchScreen.storyboard */; };
		BADEA884E5DFDB16BED2048E /* AppDelegate.swift in Sources */ = {isa = PBXBuildFile; fileRef = BADEA09D14A461B35E965E7F /* AppDelegate.swift */; };
		BADEA9778EB738BFBDF90F02 /* Assets.xcassets in Resources */ = {isa = PBXBuildFile; fileRef = BADEACB94ECADD28C9D8B366 /* Assets.xcassets */; };
		BADEAD364A8FCC699FBA34CF /* SceneDelegate.swift in Sources */ = {isa = PBXBuildFile; fileRef = BADEAA08863118A203DEBC07 /* SceneDelegate.swift */; };
		BADEAE04A688228B71C96583 /* Preview Assets.xcassets in Resources */ = {isa = PBXBuildFile; fileRef = BADEA56AA8AFA8975F71A260 /* Preview Assets.xcassets */; };
/* End PBXBuildFile section */

/* Begin PBXFileReference section */
		BADEA09D14A461B35E965E7F /* AppDelegate.swift */ = {isa = PBXFileReference; lastKnownFileType = sourcecode.swift; path = AppDelegate.swift; sourceTree = "<group>"; };
		BADEA318D3E34DA70D0F1FE7 /* Base */ = {isa = PBXFileReference; lastKnownFileType = file.storyboard; name = Base; path = Base.lproj/LaunchScreen.storyboard; sourceTree = "<group>"; };
		BADEA4C64241F9E4883EF0DB /* Info.plist */ = {isa = PBXFileReference; lastKnownFileType = text.plist.info; path = Info.plist; sourceTree = "<group>"; };
		BADEA56AA8AFA8975F71A260 /* Preview Assets.xcassets */ = {isa = PBXFileReference; lastKnownFileType = folder.assetcatalog; path = "Preview Assets.xcassets"; sourceTree = "<group>"; };
		BADEA6EFFAA2D53B39A5E27D /* ContentView.swift */ = {isa = PBXFileReference; lastKnownFileType = sourcecode.swift; path = ContentView.swift; sourceTree = "<group>"; };
		BADEAA08863118A203DEBC07 /* SceneDelegate.swift */ = {isa = PBXFileReference; lastKnownFileType = sourcecode.swift; path = SceneDelegate.swift; sourceTree = "<group>"; };
		BADEACB94ECADD28C9D8B366 /* Assets.xcassets */ = {isa = PBXFileReference; lastKnownFileType = folder.assetcatalog; path = Assets.xcassets; sourceTree = "<group>"; };
		BADEACBBD5C0D51C8C893073 /* Drawing test.app */ = {isa = PBXFileReference; explicitFileType = wrapper.application; includeInIndex = 0; path = "Drawing test.app"; sourceTree = BUILT_PRODUCTS_DIR; };
/* End PBXFileReference section */

/* Begin PBXFrameworksBuildPhase section */
		BADEA66335AD71DF8843627D /* Frameworks */ = {
			isa = PBXFrameworksBuildPhase;
			buildActionMask = 2147483647;
			files = (
			);
			runOnlyForDeploymentPostprocessing = 0;
		};
/* End PBXFrameworksBuildPhase section */

/* Begin PBXGroup section */
		BADEA066FCD56E95BEC8CF99 /* Drawing test */ = {
			isa = PBXGroup;
			children = (
				BADEA4C64241F9E4883EF0DB /* Info.plist */,
				BADEACB94ECADD28C9D8B366 /* Assets.xcassets */,
				BADEA055606D120EF9D7E706 /* LaunchScreen.storyboard */,
				BADEA09D14A461B35E965E7F /* AppDelegate.swift */,
				BADEAA08863118A203DEBC07 /* SceneDelegate.swift */,
				BADEA6EFFAA2D53B39A5E27D /* ContentView.swift */,
				BADEAC6373374F2776E818B5 /* Preview Content */,
			);
			path = "Drawing test";
			sourceTree = "<group>";
		};
		BADEA2CCD05D6F1608B03704 = {
			isa = PBXGroup;
			children = (
				BADEA5FDD7CFCB201CAA03A6 /* Products */,
				BADEA066FCD56E95BEC8CF99 /* Drawing test */,
			);
			sourceTree = "<group>";
		};
		BADEA5FDD7CFCB201CAA03A6 /* Products */ = {
			isa = PBXGroup;
			children = (
				BADEACBBD5C0D51C8C893073 /* Drawing test.app */,
			);
			name = Products;
			sourceTree = "<group>";
		};
		BADEAC6373374F2776E818B5 /* Preview Content */ = {
			isa = PBXGroup;
			children = (
				BADEA56AA8AFA8975F71A260 /* Preview Assets.xcassets */,
			);
			path = "Preview Content";
			sourceTree = "<group>";
		};
/* End PBXGroup section */

/* Begin PBXNativeTarget section */
		BADEAED77032C0A55438DACD /* Drawing test */ = {
			isa = PBXNativeTarget;
			buildConfigurationList = BADEA5D4BA114912879666AA /* Build configuration list for PBXNativeTarget "Drawing test" */;
			buildPhases = (
				BADEA84640D5124936CF15D0 /* Sources */,
				BADEA66335AD71DF8843627D /* Frameworks */,
				BADEA2279890024E9D8E1951 /* Resources */,
			);
			buildRules = (
			);
			dependencies = (
			);
			name = "Drawing test";
			productName = "Drawing test";
			productReference = BADEACBBD5C0D51C8C893073 /* Drawing test.app */;
			productType = "com.apple.product-type.application";
		};
/* End PBXNativeTarget section */

/* Begin PBXProject section */
		BADEA39B71982EBAE398A7E7 /* Project object */ = {
			isa = PBXProject;
			attributes = {
				ORGANIZATIONNAME = JakubJirak;
			};
			buildConfigurationList = BADEA9434B3ABDDDD93224E2 /* Build configuration list for PBXProject "Drawing test" */;
			compatibilityVersion = "Xcode 3.2";
			developmentRegion = English;
			hasScannedForEncodings = 0;
			knownRegions = (
				en,
			);
			mainGroup = BADEA2CCD05D6F1608B03704;
			productRefGroup = BADEA5FDD7CFCB201CAA03A6 /* Products */;
			projectDirPath = "";
			projectRoot = "";
			targets = (
				BADEAED77032C0A55438DACD /* Drawing test */,
			);
		};
/* End PBXProject section */

/* Begin PBXResourcesBuildPhase section */
		BADEA2279890024E9D8E1951 /* Resources */ = {
			isa = PBXResourcesBuildPhase;
			buildActionMask = 2147483647;
			files = (
				BADEA9778EB738BFBDF90F02 /* Assets.xcassets in Resources */,
				BADEA7E04EA8F681CEB23CE7 /* LaunchScreen.storyboard in Resources */,
				BADEAE04A688228B71C96583 /* Preview Assets.xcassets in Resources */,
			);
			runOnlyForDeploymentPostprocessing = 0;
		};
/* End PBXResourcesBuildPhase section */

/* Begin PBXSourcesBuildPhase section */
		BADEA84640D5124936CF15D0 /* Sources */ = {
			isa = PBXSourcesBuildPhase;
			buildActionMask = 2147483647;
			files = (
				BADEA884E5DFDB16BED2048E /* AppDelegate.swift in Sources */,
				BADEAD364A8FCC699FBA34CF /* SceneDelegate.swift in Sources */,
				BADEA5DF14CBC91AA8581C75 /* ContentView.swift in Sources */,
			);
			runOnlyForDeploymentPostprocessing = 0;
		};
/* End PBXSourcesBuildPhase section */

/* Begin PBXVariantGroup section */
		BADEA055606D120EF9D7E706 /* LaunchScreen.storyboard */ = {
			isa = PBXVariantGroup;
			children = (
				BADEA318D3E34DA70D0F1FE7 /* Base */,
			);
			name = LaunchScreen.storyboard;
			sourceTree = "<group>";
		};
/* End PBXVariantGroup section */

/* Begin XCBuildConfiguration section */
		BADEA1C302445872FB9593E0 /* Debug */ = {
			isa = XCBuildConfiguration;
			buildSettings = {
				ASSETCATALOG_COMPILER_APPICON_NAME = AppIcon;
				DEVELOPMENT_ASSET_PATHS = "\"Drawing test/Preview Content\"";
				ENABLE_PREVIEWS = YES;
				INFOPLIST_FILE = "Drawing test/Info.plist";
				LD_RUNPATH_SEARCH_PATHS = "$(inherited) @executable_path/Frameworks";
				PRODUCT_BUNDLE_IDENTIFIER = "com.jakubjirak.Drawing-test";
				PRODUCT_NAME = "$(TARGET_NAME)";
				SWIFT_VERSION = 5.0;
				TARGETED_DEVICE_FAMILY = "1,2";
			};
			name = Debug;
		};
		BADEA233CE729CF9E6322C8D /* Release */ = {
			isa = XCBuildConfiguration;
			buildSettings = {
				ASSETCATALOG_COMPILER_APPICON_NAME = AppIcon;
				DEVELOPMENT_ASSET_PATHS = "\"Drawing test/Preview Content\"";
				ENABLE_PREVIEWS = YES;
				INFOPLIST_FILE = "Drawing test/Info.plist";
				LD_RUNPATH_SEARCH_PATHS = "$(inherited) @executable_path/Frameworks";
				PRODUCT_BUNDLE_IDENTIFIER = "com.jakubjirak.Drawing-test";
				PRODUCT_NAME = "$(TARGET_NAME)";
				SWIFT_VERSION = 5.0;
				TARGETED_DEVICE_FAMILY = "1,2";
			};
			name = Release;
		};
		BADEAA697759205248512A48 /* Release */ = {
			isa = XCBuildConfiguration;
			buildSettings = {
				ALWAYS_SEARCH_USER_PATHS = NO;
				CLANG_ANALYZER_NONNULL = YES;
				CLANG_ANALYZER_NUMBER_OBJECT_CONVERSION = YES_AGGRESSIVE;
				CLANG_CXX_LANGUAGE_STANDARD = "gnu++14";
				CLANG_CXX_LIBRARY = "libc++";
				CLANG_ENABLE_MODULES = YES;
				CLANG_ENABLE_OBJC_ARC = YES;
				CLANG_ENABLE_OBJC_WEAK = YES;
				CLANG_WARN_BLOCK_CAPTURE_AUTORELEASING = YES;
				CLANG_WARN_BOOL_CONVERSION = YES;
				CLANG_WARN_COMMA = YES;
				CLANG_WARN_CONSTANT_CONVERSION = YES;
				CLANG_WARN_DEPRECATED_OBJC_IMPLEMENTATIONS = YES;
				CLANG_WARN_DIRECT_OBJC_ISA_USAGE = YES_ERROR;
				CLANG_WARN_DOCUMENTATION_COMMENTS = YES;
				CLANG_WARN_EMPTY_BODY = YES;
				CLANG_WARN_ENUM_CONVERSION = YES;
				CLANG_WARN_INFINITE_RECURSION = YES;
				CLANG_WARN_INT_CONVERSION = YES;
				CLANG_WARN_NON_LITERAL_NULL_CONVERSION = YES;
				CLANG_WARN_OBJC_IMPLICIT_RETAIN_SELF = YES;
				CLANG_WARN_OBJC_LITERAL_CONVERSION = YES;
				CLANG_WARN_OBJC_ROOT_CLASS = YES_ERROR;
				CLANG_WARN_RANGE_LOOP_ANALYSIS = YES;
				CLANG_WARN_STRICT_PROTOTYPES = YES;
				CLANG_WARN_SUSPICIOUS_MOVE = YES;
				CLANG_WARN_UNGUARDED_AVAILABILITY = YES_AGGRESSIVE;
				CLANG_WARN_UNREACHABLE_CODE = YES;
				CLANG_WARN__DUPLICATE_METHOD_MATCH = YES;
				COPY_PHASE_STRIP = NO;
				DEBUG_INFORMATION_FORMAT = "dwarf-with-dsym";
				ENABLE_NS_ASSERTIONS = NO;
				ENABLE_STRICT_OBJC_MSGSEND = YES;
				GCC_C_LANGUAGE_STANDARD = gnu11;
				GCC_NO_COMMON_BLOCKS = YES;
				GCC_WARN_64_TO_32_BIT_CONVERSION = YES;
				GCC_WARN_ABOUT_RETURN_TYPE = YES_ERROR;
				GCC_WARN_UNDECLARED_SELECTOR = YES;
				GCC_WARN_UNINITIALIZED_AUTOS = YES_AGGRESSIVE;
				GCC_WARN_UNUSED_FUNCTION = YES;
				GCC_WARN_UNUSED_VARIABLE = YES;
				IPHONEOS_DEPLOYMENT_TARGET = 13.2;
				MTL_ENABLE_DEBUG_INFO = NO;
				MTL_FAST_MATH = YES;
				SDKROOT = iphoneos;
				SWIFT_COMPILATION_MODE = wholemodule;
				SWIFT_OPTIMIZATION_LEVEL = "-O";
				VALIDATE_PRODUCT = YES;
			};
			name = Release;
		};
		BADEAE4C6728280390D6ED46 /* Debug */ = {
			isa = XCBuildConfiguration;
			buildSettings = {
				ALWAYS_SEARCH_USER_PATHS = NO;
				CLANG_ANALYZER_NONNULL = YES;
				CLANG_ANALYZER_NUMBER_OBJECT_CONVERSION = YES_AGGRESSIVE;
				CLANG_CXX_LANGUAGE_STANDARD = "gnu++14";
				CLANG_CXX_LIBRARY = "libc++";
				CLANG_ENABLE_MODULES = YES;
				CLANG_ENABLE_OBJC_ARC = YES;
				CLANG_ENABLE_OBJC_WEAK = YES;
				CLANG_WARN_BLOCK_CAPTURE_AUTORELEASING = YES;
				CLANG_WARN_BOOL_CONVERSION = YES;
				CLANG_WARN_COMMA = YES;
				CLANG_WARN_CONSTANT_CONVERSION = YES;
				CLANG_WARN_DEPRECATED_OBJC_IMPLEMENTATIONS = YES;
				CLANG_WARN_DIRECT_OBJC_ISA_USAGE = YES_ERROR;
				CLANG_WARN_DOCUMENTATION_COMMENTS = YES;
				CLANG_WARN_EMPTY_BODY = YES;
				CLANG_WARN_ENUM_CONVERSION = YES;
				CLANG_WARN_INFINITE_RECURSION = YES;
				CLANG_WARN_INT_CONVERSION = YES;
				CLANG_WARN_NON_LITERAL_NULL_CONVERSION = YES;
				CLANG_WARN_OBJC_IMPLICIT_RETAIN_SELF = YES;
				CLANG_WARN_OBJC_LITERAL_CONVERSION = YES;
				CLANG_WARN_OBJC_ROOT_CLASS = YES_ERROR;
				CLANG_WARN_RANGE_LOOP_ANALYSIS = YES;
				CLANG_WARN_STRICT_PROTOTYPES = YES;
				CLANG_WARN_SUSPICIOUS_MOVE = YES;
				CLANG_WARN_UNGUARDED_AVAILABILITY = YES_AGGRESSIVE;
				CLANG_WARN_UNREACHABLE_CODE = YES;
				CLANG_WARN__DUPLICATE_METHOD_MATCH = YES;
				COPY_PHASE_STRIP = NO;
				DEBUG_INFORMATION_FORMAT = dwarf;
				ENABLE_STRICT_OBJC_MSGSEND = YES;
				ENABLE_TESTABILITY = YES;
				GCC_C_LANGUAGE_STANDARD = gnu11;
				GCC_DYNAMIC_NO_PIC = NO;
				GCC_NO_COMMON_BLOCKS = YES;
				GCC_OPTIMIZATION_LEVEL = 0;
				GCC_PREPROCESSOR_DEFINITIONS = (
					"DEBUG=1",
					"$(inherited)",
				);
				GCC_WARN_64_TO_32_BIT_CONVERSION = YES;
				GCC_WARN_ABOUT_RETURN_TYPE = YES_ERROR;
				GCC_WARN_UNDECLARED_SELECTOR = YES;
				GCC_WARN_UNINITIALIZED_AUTOS = YES_AGGRESSIVE;
				GCC_WARN_UNUSED_FUNCTION = YES;
				GCC_WARN_UNUSED_VARIABLE = YES;
				IPHONEOS_DEPLOYMENT_TARGET = 13.2;
				MTL_ENABLE_DEBUG_INFO = INCLUDE_SOURCE;
				MTL_FAST_MATH = YES;
				ONLY_ACTIVE_ARCH = YES;
				SDKROOT = iphoneos;
				SWIFT_ACTIVE_COMPILATION_CONDITIONS = DEBUG;
				SWIFT_OPTIMIZATION_LEVEL = "-Onone";
			};
			name = Debug;
		};
/* End XCBuildConfiguration section */

/* Begin XCConfigurationList section */
		BADEA5D4BA114912879666AA /* Build configuration list for PBXNativeTarget "Drawing test" */ = {
			isa = XCConfigurationList;
			buildConfigurations = (
				BADEA1C302445872FB9593E0 /* Debug */,
				BADEA233CE729CF9E6322C8D /* Release */,
			);
			defaultConfigurationIsVisible = 0;
		};
		BADEA9434B3ABDDDD93224E2 /* Build configuration list for PBXProject "Drawing test" */ = {
			isa = XCConfigurationList;
			buildConfigurations = (
				BADEAE4C6728280390D6ED46 /* Debug */,
				BADEAA697759205248512A48 /* Release */,
			);
			defaultConfigurationIsVisible = 0;
			defaultConfigurationName = Release;
		};
/* End XCConfigurationList section */
	};
	rootObject = BADEA39B71982EBAE398A7E7 /* Project object */;
}
