<?xml version="1.0" encoding="UTF-8"?>
<Scheme
   version = "1.3">
   <BuildAction>
      <BuildActionEntries>
         <BuildActionEntry
            buildForRunning = "YES">
            <BuildableReference
               BuildableIdentifier = "primary"
               BlueprintIdentifier = "BADEAFE2DC02F156FBA2D4EB"
               BuildableName = "NBA Players fun.app"
               BlueprintName = "NBA Players fun"
               ReferencedContainer = "container:NBA Players fun.xcodeproj">
            </BuildableReference>
         </BuildActionEntry>
      </BuildActionEntries>
   </BuildAction>
   <LaunchAction
      useCustomWorkingDirectory = "NO"
      buildConfiguration = "Debug"
      allowLocationSimulation = "YES">
      <BuildableProductRunnable>
         <BuildableReference
            BuildableIdentifier = "primary"
            BlueprintIdentifier = "BADEAFE2DC02F156FBA2D4EB"
            BuildableName = "NBA Players fun.app"
            BlueprintName = "NBA Players fun"
            ReferencedContainer = "container:NBA Players fun.xcodeproj">
         </BuildableReference>
      </BuildableProductRunnable>
   </LaunchAction>
</Scheme>
